// !$*UTF8*$!
{
	archiveVersion = 1;
	classes = {
	};
	objectVersion = 55;
	objects = {

/* Begin PBXBuildFile section */
		49B46170284846F8009A77BE /* CompanionApp.swift in Sources */ = {isa = PBXBuildFile; fileRef = 49B46160284846F7009A77BE /* CompanionApp.swift */; };
		49B46171284846F8009A77BE /* CompanionApp.swift in Sources */ = {isa = PBXBuildFile; fileRef = 49B46160284846F7009A77BE /* CompanionApp.swift */; };
		49B46172284846F8009A77BE /* ContentView.swift in Sources */ = {isa = PBXBuildFile; fileRef = 49B46161284846F7009A77BE /* ContentView.swift */; };
		49B46173284846F8009A77BE /* ContentView.swift in Sources */ = {isa = PBXBuildFile; fileRef = 49B46161284846F7009A77BE /* ContentView.swift */; };
		49B46174284846F8009A77BE /* Assets.xcassets in Resources */ = {isa = PBXBuildFile; fileRef = 49B46162284846F8009A77BE /* Assets.xcassets */; };
		49B46175284846F8009A77BE /* Assets.xcassets in Resources */ = {isa = PBXBuildFile; fileRef = 49B46162284846F8009A77BE /* Assets.xcassets */; };
		49B4619928484DFE009A77BE /* StatusCode.swift in Sources */ = {isa = PBXBuildFile; fileRef = 49B4619428484DFE009A77BE /* StatusCode.swift */; };
		49B4619A28484DFE009A77BE /* StatusCode.swift in Sources */ = {isa = PBXBuildFile; fileRef = 49B4619428484DFE009A77BE /* StatusCode.swift */; };
		49B4619B28484DFE009A77BE /* ApiFailureError.swift in Sources */ = {isa = PBXBuildFile; fileRef = 49B4619528484DFE009A77BE /* ApiFailureError.swift */; };
		49B4619C28484DFE009A77BE /* ApiFailureError.swift in Sources */ = {isa = PBXBuildFile; fileRef = 49B4619528484DFE009A77BE /* ApiFailureError.swift */; };
		49B4619D28484DFE009A77BE /* NetworkingClient.swift in Sources */ = {isa = PBXBuildFile; fileRef = 49B4619628484DFE009A77BE /* NetworkingClient.swift */; };
		49B4619E28484DFE009A77BE /* NetworkingClient.swift in Sources */ = {isa = PBXBuildFile; fileRef = 49B4619628484DFE009A77BE /* NetworkingClient.swift */; };
		49B461A528484E2F009A77BE /* Encodable+Extensions.swift in Sources */ = {isa = PBXBuildFile; fileRef = 49B461A128484E2F009A77BE /* Encodable+Extensions.swift */; };
		49B461A628484E2F009A77BE /* Encodable+Extensions.swift in Sources */ = {isa = PBXBuildFile; fileRef = 49B461A128484E2F009A77BE /* Encodable+Extensions.swift */; };
		49B461A728484E2F009A77BE /* String+Extensions.swift in Sources */ = {isa = PBXBuildFile; fileRef = 49B461A228484E2F009A77BE /* String+Extensions.swift */; };
		49B461A828484E2F009A77BE /* String+Extensions.swift in Sources */ = {isa = PBXBuildFile; fileRef = 49B461A228484E2F009A77BE /* String+Extensions.swift */; };
		49B461A928484E2F009A77BE /* Data+Extensions.swift in Sources */ = {isa = PBXBuildFile; fileRef = 49B461A328484E2F009A77BE /* Data+Extensions.swift */; };
		49B461AA28484E2F009A77BE /* Data+Extensions.swift in Sources */ = {isa = PBXBuildFile; fileRef = 49B461A328484E2F009A77BE /* Data+Extensions.swift */; };
		49B461AB28484E2F009A77BE /* Date+Extensions.swift in Sources */ = {isa = PBXBuildFile; fileRef = 49B461A428484E2F009A77BE /* Date+Extensions.swift */; };
		49B461AC28484E2F009A77BE /* Date+Extensions.swift in Sources */ = {isa = PBXBuildFile; fileRef = 49B461A428484E2F009A77BE /* Date+Extensions.swift */; };
/* End PBXBuildFile section */

/* Begin PBXFileReference section */
		49B46160284846F7009A77BE /* CompanionApp.swift */ = {isa = PBXFileReference; lastKnownFileType = sourcecode.swift; path = CompanionApp.swift; sourceTree = "<group>"; };
		49B46161284846F7009A77BE /* ContentView.swift */ = {isa = PBXFileReference; lastKnownFileType = sourcecode.swift; path = ContentView.swift; sourceTree = "<group>"; };
		49B46162284846F8009A77BE /* Assets.xcassets */ = {isa = PBXFileReference; lastKnownFileType = folder.assetcatalog; path = Assets.xcassets; sourceTree = "<group>"; };
		49B46167284846F8009A77BE /* Companion.app */ = {isa = PBXFileReference; explicitFileType = wrapper.application; includeInIndex = 0; path = Companion.app; sourceTree = BUILT_PRODUCTS_DIR; };
		49B4616D284846F8009A77BE /* Companion.app */ = {isa = PBXFileReference; explicitFileType = wrapper.application; includeInIndex = 0; path = Companion.app; sourceTree = BUILT_PRODUCTS_DIR; };
		49B4616F284846F8009A77BE /* macOS.entitlements */ = {isa = PBXFileReference; lastKnownFileType = text.plist.entitlements; path = macOS.entitlements; sourceTree = "<group>"; };
		49B4619428484DFE009A77BE /* StatusCode.swift */ = {isa = PBXFileReference; fileEncoding = 4; lastKnownFileType = sourcecode.swift; path = StatusCode.swift; sourceTree = "<group>"; };
		49B4619528484DFE009A77BE /* ApiFailureError.swift */ = {isa = PBXFileReference; fileEncoding = 4; lastKnownFileType = sourcecode.swift; path = ApiFailureError.swift; sourceTree = "<group>"; };
		49B4619628484DFE009A77BE /* NetworkingClient.swift */ = {isa = PBXFileReference; fileEncoding = 4; lastKnownFileType = sourcecode.swift; path = NetworkingClient.swift; sourceTree = "<group>"; };
		49B461A128484E2F009A77BE /* Encodable+Extensions.swift */ = {isa = PBXFileReference; fileEncoding = 4; lastKnownFileType = sourcecode.swift; path = "Encodable+Extensions.swift"; sourceTree = "<group>"; };
		49B461A228484E2F009A77BE /* String+Extensions.swift */ = {isa = PBXFileReference; fileEncoding = 4; lastKnownFileType = sourcecode.swift; path = "String+Extensions.swift"; sourceTree = "<group>"; };
		49B461A328484E2F009A77BE /* Data+Extensions.swift */ = {isa = PBXFileReference; fileEncoding = 4; lastKnownFileType = sourcecode.swift; path = "Data+Extensions.swift"; sourceTree = "<group>"; };
		49B461A428484E2F009A77BE /* Date+Extensions.swift */ = {isa = PBXFileReference; fileEncoding = 4; lastKnownFileType = sourcecode.swift; path = "Date+Extensions.swift"; sourceTree = "<group>"; };
/* End PBXFileReference section */

/* Begin PBXFrameworksBuildPhase section */
		49B46164284846F8009A77BE /* Frameworks */ = {
			isa = PBXFrameworksBuildPhase;
			buildActionMask = 2147483647;
			files = (
			);
			runOnlyForDeploymentPostprocessing = 0;
		};
		49B4616A284846F8009A77BE /* Frameworks */ = {
			isa = PBXFrameworksBuildPhase;
			buildActionMask = 2147483647;
			files = (
			);
			runOnlyForDeploymentPostprocessing = 0;
		};
/* End PBXFrameworksBuildPhase section */

/* Begin PBXGroup section */
		49B4615A284846F6009A77BE = {
			isa = PBXGroup;
			children = (
				49B4615F284846F7009A77BE /* Shared */,
				49B4616E284846F8009A77BE /* macOS */,
				49B46168284846F8009A77BE /* Products */,
			);
			sourceTree = "<group>";
		};
		49B4615F284846F7009A77BE /* Shared */ = {
			isa = PBXGroup;
			children = (
				49B4619128484DDB009A77BE /* Core */,
				49B46160284846F7009A77BE /* CompanionApp.swift */,
				49B46161284846F7009A77BE /* ContentView.swift */,
				49B46162284846F8009A77BE /* Assets.xcassets */,
			);
			path = Shared;
			sourceTree = "<group>";
		};
		49B46168284846F8009A77BE /* Products */ = {
			isa = PBXGroup;
			children = (
				49B46167284846F8009A77BE /* Companion.app */,
				49B4616D284846F8009A77BE /* Companion.app */,
			);
			name = Products;
			sourceTree = "<group>";
		};
		49B4616E284846F8009A77BE /* macOS */ = {
			isa = PBXGroup;
			children = (
				49B4616F284846F8009A77BE /* macOS.entitlements */,
			);
			path = macOS;
			sourceTree = "<group>";
		};
		49B4619128484DDB009A77BE /* Core */ = {
			isa = PBXGroup;
			children = (
				49B4619F28484E14009A77BE /* Extensions */,
				49B4619228484DF0009A77BE /* Networking */,
			);
			path = Core;
			sourceTree = "<group>";
		};
		49B4619228484DF0009A77BE /* Networking */ = {
			isa = PBXGroup;
			children = (
				49B4619528484DFE009A77BE /* ApiFailureError.swift */,
				49B4619628484DFE009A77BE /* NetworkingClient.swift */,
				49B4619428484DFE009A77BE /* StatusCode.swift */,
			);
			path = Networking;
			sourceTree = "<group>";
		};
		49B4619F28484E14009A77BE /* Extensions */ = {
			isa = PBXGroup;
			children = (
				49B461A028484E1C009A77BE /* Foundations */,
			);
			path = Extensions;
			sourceTree = "<group>";
		};
		49B461A028484E1C009A77BE /* Foundations */ = {
			isa = PBXGroup;
			children = (
				49B461A328484E2F009A77BE /* Data+Extensions.swift */,
				49B461A428484E2F009A77BE /* Date+Extensions.swift */,
				49B461A128484E2F009A77BE /* Encodable+Extensions.swift */,
				49B461A228484E2F009A77BE /* String+Extensions.swift */,
			);
			path = Foundations;
			sourceTree = "<group>";
		};
/* End PBXGroup section */

/* Begin PBXNativeTarget section */
		49B46166284846F8009A77BE /* Companion (iOS) */ = {
			isa = PBXNativeTarget;
			buildConfigurationList = 49B46178284846F8009A77BE /* Build configuration list for PBXNativeTarget "Companion (iOS)" */;
			buildPhases = (
				49B46163284846F8009A77BE /* Sources */,
				49B46164284846F8009A77BE /* Frameworks */,
				49B46165284846F8009A77BE /* Resources */,
			);
			buildRules = (
			);
			dependencies = (
			);
			name = "Companion (iOS)";
			productName = "Companion (iOS)";
			productReference = 49B46167284846F8009A77BE /* Companion.app */;
			productType = "com.apple.product-type.application";
		};
		49B4616C284846F8009A77BE /* Companion (macOS) */ = {
			isa = PBXNativeTarget;
			buildConfigurationList = 49B4617B284846F8009A77BE /* Build configuration list for PBXNativeTarget "Companion (macOS)" */;
			buildPhases = (
				49B46169284846F8009A77BE /* Sources */,
				49B4616A284846F8009A77BE /* Frameworks */,
				49B4616B284846F8009A77BE /* Resources */,
			);
			buildRules = (
			);
			dependencies = (
			);
			name = "Companion (macOS)";
			productName = "Companion (macOS)";
			productReference = 49B4616D284846F8009A77BE /* Companion.app */;
			productType = "com.apple.product-type.application";
		};
/* End PBXNativeTarget section */

/* Begin PBXProject section */
		49B4615B284846F6009A77BE /* Project object */ = {
			isa = PBXProject;
			attributes = {
				BuildIndependentTargetsInParallel = 1;
				LastSwiftUpdateCheck = 1330;
				LastUpgradeCheck = 1330;
				TargetAttributes = {
					49B46166284846F8009A77BE = {
						CreatedOnToolsVersion = 13.3.1;
					};
					49B4616C284846F8009A77BE = {
						CreatedOnToolsVersion = 13.3.1;
					};
				};
			};
			buildConfigurationList = 49B4615E284846F6009A77BE /* Build configuration list for PBXProject "Companion" */;
			compatibilityVersion = "Xcode 13.0";
			developmentRegion = en;
			hasScannedForEncodings = 0;
			knownRegions = (
				en,
				Base,
			);
			mainGroup = 49B4615A284846F6009A77BE;
			productRefGroup = 49B46168284846F8009A77BE /* Products */;
			projectDirPath = "";
			projectRoot = "";
			targets = (
				49B46166284846F8009A77BE /* Companion (iOS) */,
				49B4616C284846F8009A77BE /* Companion (macOS) */,
			);
		};
/* End PBXProject section */

/* Begin PBXResourcesBuildPhase section */
		49B46165284846F8009A77BE /* Resources */ = {
			isa = PBXResourcesBuildPhase;
			buildActionMask = 2147483647;
			files = (
				49B46174284846F8009A77BE /* Assets.xcassets in Resources */,
			);
			runOnlyForDeploymentPostprocessing = 0;
		};
		49B4616B284846F8009A77BE /* Resources */ = {
			isa = PBXResourcesBuildPhase;
			buildActionMask = 2147483647;
			files = (
				49B46175284846F8009A77BE /* Assets.xcassets in Resources */,
			);
			runOnlyForDeploymentPostprocessing = 0;
		};
/* End PBXResourcesBuildPhase section */

/* Begin PBXSourcesBuildPhase section */
		49B46163284846F8009A77BE /* Sources */ = {
			isa = PBXSourcesBuildPhase;
			buildActionMask = 2147483647;
			files = (
				49B461A528484E2F009A77BE /* Encodable+Extensions.swift in Sources */,
				49B4619B28484DFE009A77BE /* ApiFailureError.swift in Sources */,
				49B46172284846F8009A77BE /* ContentView.swift in Sources */,
				49B461AB28484E2F009A77BE /* Date+Extensions.swift in Sources */,
				49B461A928484E2F009A77BE /* Data+Extensions.swift in Sources */,
				49B4619D28484DFE009A77BE /* NetworkingClient.swift in Sources */,
				49B461A728484E2F009A77BE /* String+Extensions.swift in Sources */,
				49B46170284846F8009A77BE /* CompanionApp.swift in Sources */,
				49B4619928484DFE009A77BE /* StatusCode.swift in Sources */,
			);
			runOnlyForDeploymentPostprocessing = 0;
		};
		49B46169284846F8009A77BE /* Sources */ = {
			isa = PBXSourcesBuildPhase;
			buildActionMask = 2147483647;
			files = (
				49B461A628484E2F009A77BE /* Encodable+Extensions.swift in Sources */,
				49B4619C28484DFE009A77BE /* ApiFailureError.swift in Sources */,
				49B46173284846F8009A77BE /* ContentView.swift in Sources */,
				49B461AC28484E2F009A77BE /* Date+Extensions.swift in Sources */,
				49B461AA28484E2F009A77BE /* Data+Extensions.swift in Sources */,
				49B4619E28484DFE009A77BE /* NetworkingClient.swift in Sources */,
				49B461A828484E2F009A77BE /* String+Extensions.swift in Sources */,
				49B46171284846F8009A77BE /* CompanionApp.swift in Sources */,
				49B4619A28484DFE009A77BE /* StatusCode.swift in Sources */,
			);
			runOnlyForDeploymentPostprocessing = 0;
		};
/* End PBXSourcesBuildPhase section */

/* Begin XCBuildConfiguration section */
		49B46176284846F8009A77BE /* Debug */ = {
			isa = XCBuildConfiguration;
			buildSettings = {
				ALWAYS_SEARCH_USER_PATHS = NO;
				CLANG_ANALYZER_NONNULL = YES;
				CLANG_ANALYZER_NUMBER_OBJECT_CONVERSION = YES_AGGRESSIVE;
				CLANG_CXX_LANGUAGE_STANDARD = "gnu++17";
				CLANG_ENABLE_MODULES = YES;
				CLANG_ENABLE_OBJC_ARC = YES;
				CLANG_ENABLE_OBJC_WEAK = YES;
				CLANG_WARN_BLOCK_CAPTURE_AUTORELEASING = YES;
				CLANG_WARN_BOOL_CONVERSION = YES;
				CLANG_WARN_COMMA = YES;
				CLANG_WARN_CONSTANT_CONVERSION = YES;
				CLANG_WARN_DEPRECATED_OBJC_IMPLEMENTATIONS = YES;
				CLANG_WARN_DIRECT_OBJC_ISA_USAGE = YES_ERROR;
				CLANG_WARN_DOCUMENTATION_COMMENTS = YES;
				CLANG_WARN_EMPTY_BODY = YES;
				CLANG_WARN_ENUM_CONVERSION = YES;
				CLANG_WARN_INFINITE_RECURSION = YES;
				CLANG_WARN_INT_CONVERSION = YES;
				CLANG_WARN_NON_LITERAL_NULL_CONVERSION = YES;
				CLANG_WARN_OBJC_IMPLICIT_RETAIN_SELF = YES;
				CLANG_WARN_OBJC_LITERAL_CONVERSION = YES;
				CLANG_WARN_OBJC_ROOT_CLASS = YES_ERROR;
				CLANG_WARN_QUOTED_INCLUDE_IN_FRAMEWORK_HEADER = YES;
				CLANG_WARN_RANGE_LOOP_ANALYSIS = YES;
				CLANG_WARN_STRICT_PROTOTYPES = YES;
				CLANG_WARN_SUSPICIOUS_MOVE = YES;
				CLANG_WARN_UNGUARDED_AVAILABILITY = YES_AGGRESSIVE;
				CLANG_WARN_UNREACHABLE_CODE = YES;
				CLANG_WARN__DUPLICATE_METHOD_MATCH = YES;
				COPY_PHASE_STRIP = NO;
				DEBUG_INFORMATION_FORMAT = dwarf;
				ENABLE_STRICT_OBJC_MSGSEND = YES;
				ENABLE_TESTABILITY = YES;
				GCC_C_LANGUAGE_STANDARD = gnu11;
				GCC_DYNAMIC_NO_PIC = NO;
				GCC_NO_COMMON_BLOCKS = YES;
				GCC_OPTIMIZATION_LEVEL = 0;
				GCC_PREPROCESSOR_DEFINITIONS = (
					"DEBUG=1",
					"$(inherited)",
				);
				GCC_WARN_64_TO_32_BIT_CONVERSION = YES;
				GCC_WARN_ABOUT_RETURN_TYPE = YES_ERROR;
				GCC_WARN_UNDECLARED_SELECTOR = YES;
				GCC_WARN_UNINITIALIZED_AUTOS = YES_AGGRESSIVE;
				GCC_WARN_UNUSED_FUNCTION = YES;
				GCC_WARN_UNUSED_VARIABLE = YES;
				MTL_ENABLE_DEBUG_INFO = INCLUDE_SOURCE;
				MTL_FAST_MATH = YES;
				ONLY_ACTIVE_ARCH = YES;
				SWIFT_ACTIVE_COMPILATION_CONDITIONS = DEBUG;
				SWIFT_OPTIMIZATION_LEVEL = "-Onone";
			};
			name = Debug;
		};
		49B46177284846F8009A77BE /* Release */ = {
			isa = XCBuildConfiguration;
			buildSettings = {
				ALWAYS_SEARCH_USER_PATHS = NO;
				CLANG_ANALYZER_NONNULL = YES;
				CLANG_ANALYZER_NUMBER_OBJECT_CONVERSION = YES_AGGRESSIVE;
				CLANG_CXX_LANGUAGE_STANDARD = "gnu++17";
				CLANG_ENABLE_MODULES = YES;
				CLANG_ENABLE_OBJC_ARC = YES;
				CLANG_ENABLE_OBJC_WEAK = YES;
				CLANG_WARN_BLOCK_CAPTURE_AUTORELEASING = YES;
				CLANG_WARN_BOOL_CONVERSION = YES;
				CLANG_WARN_COMMA = YES;
				CLANG_WARN_CONSTANT_CONVERSION = YES;
				CLANG_WARN_DEPRECATED_OBJC_IMPLEMENTATIONS = YES;
				CLANG_WARN_DIRECT_OBJC_ISA_USAGE = YES_ERROR;
				CLANG_WARN_DOCUMENTATION_COMMENTS = YES;
				CLANG_WARN_EMPTY_BODY = YES;
				CLANG_WARN_ENUM_CONVERSION = YES;
				CLANG_WARN_INFINITE_RECURSION = YES;
				CLANG_WARN_INT_CONVERSION = YES;
				CLANG_WARN_NON_LITERAL_NULL_CONVERSION = YES;
				CLANG_WARN_OBJC_IMPLICIT_RETAIN_SELF = YES;
				CLANG_WARN_OBJC_LITERAL_CONVERSION = YES;
				CLANG_WARN_OBJC_ROOT_CLASS = YES_ERROR;
				CLANG_WARN_QUOTED_INCLUDE_IN_FRAMEWORK_HEADER = YES;
				CLANG_WARN_RANGE_LOOP_ANALYSIS = YES;
				CLANG_WARN_STRICT_PROTOTYPES = YES;
				CLANG_WARN_SUSPICIOUS_MOVE = YES;
				CLANG_WARN_UNGUARDED_AVAILABILITY = YES_AGGRESSIVE;
				CLANG_WARN_UNREACHABLE_CODE = YES;
				CLANG_WARN__DUPLICATE_METHOD_MATCH = YES;
				COPY_PHASE_STRIP = NO;
				DEBUG_INFORMATION_FORMAT = "dwarf-with-dsym";
				ENABLE_NS_ASSERTIONS = NO;
				ENABLE_STRICT_OBJC_MSGSEND = YES;
				GCC_C_LANGUAGE_STANDARD = gnu11;
				GCC_NO_COMMON_BLOCKS = YES;
				GCC_WARN_64_TO_32_BIT_CONVERSION = YES;
				GCC_WARN_ABOUT_RETURN_TYPE = YES_ERROR;
				GCC_WARN_UNDECLARED_SELECTOR = YES;
				GCC_WARN_UNINITIALIZED_AUTOS = YES_AGGRESSIVE;
				GCC_WARN_UNUSED_FUNCTION = YES;
				GCC_WARN_UNUSED_VARIABLE = YES;
				MTL_ENABLE_DEBUG_INFO = NO;
				MTL_FAST_MATH = YES;
				SWIFT_COMPILATION_MODE = wholemodule;
				SWIFT_OPTIMIZATION_LEVEL = "-O";
			};
			name = Release;
		};
		49B46179284846F8009A77BE /* Debug */ = {
			isa = XCBuildConfiguration;
			buildSettings = {
				ASSETCATALOG_COMPILER_APPICON_NAME = AppIcon;
				ASSETCATALOG_COMPILER_GLOBAL_ACCENT_COLOR_NAME = AccentColor;
				CODE_SIGN_STYLE = Automatic;
				CURRENT_PROJECT_VERSION = 1;
				DEVELOPMENT_TEAM = 3GTE9X3BX2;
				ENABLE_PREVIEWS = YES;
				GENERATE_INFOPLIST_FILE = YES;
				INFOPLIST_KEY_UIApplicationSceneManifest_Generation = YES;
				INFOPLIST_KEY_UIApplicationSupportsIndirectInputEvents = YES;
				INFOPLIST_KEY_UILaunchScreen_Generation = YES;
				INFOPLIST_KEY_UISupportedInterfaceOrientations_iPad = "UIInterfaceOrientationPortrait UIInterfaceOrientationPortraitUpsideDown UIInterfaceOrientationLandscapeLeft UIInterfaceOrientationLandscapeRight";
				INFOPLIST_KEY_UISupportedInterfaceOrientations_iPhone = "UIInterfaceOrientationPortrait UIInterfaceOrientationLandscapeLeft UIInterfaceOrientationLandscapeRight";
				IPHONEOS_DEPLOYMENT_TARGET = 15.4;
				LD_RUNPATH_SEARCH_PATHS = (
					"$(inherited)",
					"@executable_path/Frameworks",
				);
				MARKETING_VERSION = 1.0;
				PRODUCT_BUNDLE_IDENTIFIER = apps.bytesizedsoftware.Companion;
				PRODUCT_NAME = Companion;
				SDKROOT = iphoneos;
				SWIFT_EMIT_LOC_STRINGS = YES;
				SWIFT_VERSION = 5.0;
				TARGETED_DEVICE_FAMILY = "1,2";
			};
			name = Debug;
		};
		49B4617A284846F8009A77BE /* Release */ = {
			isa = XCBuildConfiguration;
			buildSettings = {
				ASSETCATALOG_COMPILER_APPICON_NAME = AppIcon;
				ASSETCATALOG_COMPILER_GLOBAL_ACCENT_COLOR_NAME = AccentColor;
				CODE_SIGN_STYLE = Automatic;
				CURRENT_PROJECT_VERSION = 1;
				DEVELOPMENT_TEAM = 3GTE9X3BX2;
				ENABLE_PREVIEWS = YES;
				GENERATE_INFOPLIST_FILE = YES;
				INFOPLIST_KEY_UIApplicationSceneManifest_Generation = YES;
				INFOPLIST_KEY_UIApplicationSupportsIndirectInputEvents = YES;
				INFOPLIST_KEY_UILaunchScreen_Generation = YES;
				INFOPLIST_KEY_UISupportedInterfaceOrientations_iPad = "UIInterfaceOrientationPortrait UIInterfaceOrientationPortraitUpsideDown UIInterfaceOrientationLandscapeLeft UIInterfaceOrientationLandscapeRight";
				INFOPLIST_KEY_UISupportedInterfaceOrientations_iPhone = "UIInterfaceOrientationPortrait UIInterfaceOrientationLandscapeLeft UIInterfaceOrientationLandscapeRight";
				IPHONEOS_DEPLOYMENT_TARGET = 15.4;
				LD_RUNPATH_SEARCH_PATHS = (
					"$(inherited)",
					"@executable_path/Frameworks",
				);
				MARKETING_VERSION = 1.0;
				PRODUCT_BUNDLE_IDENTIFIER = apps.bytesizedsoftware.Companion;
				PRODUCT_NAME = Companion;
				SDKROOT = iphoneos;
				SWIFT_EMIT_LOC_STRINGS = YES;
				SWIFT_VERSION = 5.0;
				TARGETED_DEVICE_FAMILY = "1,2";
				VALIDATE_PRODUCT = YES;
			};
			name = Release;
		};
		49B4617C284846F8009A77BE /* Debug */ = {
			isa = XCBuildConfiguration;
			buildSettings = {
				ASSETCATALOG_COMPILER_APPICON_NAME = AppIcon;
				ASSETCATALOG_COMPILER_GLOBAL_ACCENT_COLOR_NAME = AccentColor;
				CODE_SIGN_ENTITLEMENTS = macOS/macOS.entitlements;
				CODE_SIGN_STYLE = Automatic;
				COMBINE_HIDPI_IMAGES = YES;
				CURRENT_PROJECT_VERSION = 1;
				DEVELOPMENT_TEAM = 3GTE9X3BX2;
				ENABLE_HARDENED_RUNTIME = YES;
				ENABLE_PREVIEWS = YES;
				GENERATE_INFOPLIST_FILE = YES;
				INFOPLIST_KEY_NSHumanReadableCopyright = "";
				LD_RUNPATH_SEARCH_PATHS = (
					"$(inherited)",
					"@executable_path/../Frameworks",
				);
				MACOSX_DEPLOYMENT_TARGET = 12.1;
				MARKETING_VERSION = 1.0;
				PRODUCT_BUNDLE_IDENTIFIER = apps.bytesizedsoftware.Companion;
				PRODUCT_NAME = Companion;
				SDKROOT = macosx;
				SWIFT_EMIT_LOC_STRINGS = YES;
				SWIFT_VERSION = 5.0;
			};
			name = Debug;
		};
		49B4617D284846F8009A77BE /* Release */ = {
			isa = XCBuildConfiguration;
			buildSettings = {
				ASSETCATALOG_COMPILER_APPICON_NAME = AppIcon;
				ASSETCATALOG_COMPILER_GLOBAL_ACCENT_COLOR_NAME = AccentColor;
				CODE_SIGN_ENTITLEMENTS = macOS/macOS.entitlements;
				CODE_SIGN_STYLE = Automatic;
				COMBINE_HIDPI_IMAGES = YES;
				CURRENT_PROJECT_VERSION = 1;
				DEVELOPMENT_TEAM = 3GTE9X3BX2;
				ENABLE_HARDENED_RUNTIME = YES;
				ENABLE_PREVIEWS = YES;
				GENERATE_INFOPLIST_FILE = YES;
				INFOPLIST_KEY_NSHumanReadableCopyright = "";
				LD_RUNPATH_SEARCH_PATHS = (
					"$(inherited)",
					"@executable_path/../Frameworks",
				);
				MACOSX_DEPLOYMENT_TARGET = 12.1;
				MARKETING_VERSION = 1.0;
				PRODUCT_BUNDLE_IDENTIFIER = apps.bytesizedsoftware.Companion;
				PRODUCT_NAME = Companion;
				SDKROOT = macosx;
				SWIFT_EMIT_LOC_STRINGS = YES;
				SWIFT_VERSION = 5.0;
			};
			name = Release;
		};
/* End XCBuildConfiguration section */

/* Begin XCConfigurationList section */
		49B4615E284846F6009A77BE /* Build configuration list for PBXProject "Companion" */ = {
			isa = XCConfigurationList;
			buildConfigurations = (
				49B46176284846F8009A77BE /* Debug */,
				49B46177284846F8009A77BE /* Release */,
			);
			defaultConfigurationIsVisible = 0;
			defaultConfigurationName = Release;
		};
		49B46178284846F8009A77BE /* Build configuration list for PBXNativeTarget "Companion (iOS)" */ = {
			isa = XCConfigurationList;
			buildConfigurations = (
				49B46179284846F8009A77BE /* Debug */,
				49B4617A284846F8009A77BE /* Release */,
			);
			defaultConfigurationIsVisible = 0;
			defaultConfigurationName = Release;
		};
		49B4617B284846F8009A77BE /* Build configuration list for PBXNativeTarget "Companion (macOS)" */ = {
			isa = XCConfigurationList;
			buildConfigurations = (
				49B4617C284846F8009A77BE /* Debug */,
				49B4617D284846F8009A77BE /* Release */,
			);
			defaultConfigurationIsVisible = 0;
			defaultConfigurationName = Release;
		};
/* End XCConfigurationList section */
	};
	rootObject = 49B4615B284846F6009A77BE /* Project object */;
}
