// !$*UTF8*$!
{
	archiveVersion = 1;
	classes = {
	};
	objectVersion = 55;
	objects = {

/* Begin PBXBuildFile section */
		49B46170284846F8009A77BE /* CompanionApp.swift in Sources */ = {isa = PBXBuildFile; fileRef = 49B46160284846F7009A77BE /* CompanionApp.swift */; };
		49B46171284846F8009A77BE /* CompanionApp.swift in Sources */ = {isa = PBXBuildFile; fileRef = 49B46160284846F7009A77BE /* CompanionApp.swift */; };
		49B46172284846F8009A77BE /* ContentView.swift in Sources */ = {isa = PBXBuildFile; fileRef = 49B46161284846F7009A77BE /* ContentView.swift */; };
		49B46173284846F8009A77BE /* ContentView.swift in Sources */ = {isa = PBXBuildFile; fileRef = 49B46161284846F7009A77BE /* ContentView.swift */; };
		49B46174284846F8009A77BE /* Assets.xcassets in Resources */ = {isa = PBXBuildFile; fileRef = 49B46162284846F8009A77BE /* Assets.xcassets */; };
		49B46175284846F8009A77BE /* Assets.xcassets in Resources */ = {isa = PBXBuildFile; fileRef = 49B46162284846F8009A77BE /* Assets.xcassets */; };
		49B4619B28484DFE009A77BE /* ApiFailureError.swift in Sources */ = {isa = PBXBuildFile; fileRef = 49B4619528484DFE009A77BE /* ApiFailureError.swift */; };
		49B4619C28484DFE009A77BE /* ApiFailureError.swift in Sources */ = {isa = PBXBuildFile; fileRef = 49B4619528484DFE009A77BE /* ApiFailureError.swift */; };
		49B4619D28484DFE009A77BE /* NetworkingClient.swift in Sources */ = {isa = PBXBuildFile; fileRef = 49B4619628484DFE009A77BE /* NetworkingClient.swift */; };
		49B4619E28484DFE009A77BE /* NetworkingClient.swift in Sources */ = {isa = PBXBuildFile; fileRef = 49B4619628484DFE009A77BE /* NetworkingClient.swift */; };
		49B461A528484E2F009A77BE /* Encodable+Extensions.swift in Sources */ = {isa = PBXBuildFile; fileRef = 49B461A128484E2F009A77BE /* Encodable+Extensions.swift */; };
		49B461A628484E2F009A77BE /* Encodable+Extensions.swift in Sources */ = {isa = PBXBuildFile; fileRef = 49B461A128484E2F009A77BE /* Encodable+Extensions.swift */; };
		49B461A728484E2F009A77BE /* String+Extensions.swift in Sources */ = {isa = PBXBuildFile; fileRef = 49B461A228484E2F009A77BE /* String+Extensions.swift */; };
		49B461A828484E2F009A77BE /* String+Extensions.swift in Sources */ = {isa = PBXBuildFile; fileRef = 49B461A228484E2F009A77BE /* String+Extensions.swift */; };
		49B461A928484E2F009A77BE /* Data+Extensions.swift in Sources */ = {isa = PBXBuildFile; fileRef = 49B461A328484E2F009A77BE /* Data+Extensions.swift */; };
		49B461AA28484E2F009A77BE /* Data+Extensions.swift in Sources */ = {isa = PBXBuildFile; fileRef = 49B461A328484E2F009A77BE /* Data+Extensions.swift */; };
		49B461AB28484E2F009A77BE /* Date+Extensions.swift in Sources */ = {isa = PBXBuildFile; fileRef = 49B461A428484E2F009A77BE /* Date+Extensions.swift */; };
		49B461AC28484E2F009A77BE /* Date+Extensions.swift in Sources */ = {isa = PBXBuildFile; fileRef = 49B461A428484E2F009A77BE /* Date+Extensions.swift */; };
		49CBB4B2284973CC00698F79 /* PetFinderHttpClient.swift in Sources */ = {isa = PBXBuildFile; fileRef = 49CBB4B1284973CC00698F79 /* PetFinderHttpClient.swift */; };
		49CBB4B3284973CC00698F79 /* PetFinderHttpClient.swift in Sources */ = {isa = PBXBuildFile; fileRef = 49CBB4B1284973CC00698F79 /* PetFinderHttpClient.swift */; };
		49CBB4B72849755F00698F79 /* PetFinderAuthenticationAPIResponse.swift in Sources */ = {isa = PBXBuildFile; fileRef = 49CBB4B62849755F00698F79 /* PetFinderAuthenticationAPIResponse.swift */; };
		49CBB4B82849755F00698F79 /* PetFinderAuthenticationAPIResponse.swift in Sources */ = {isa = PBXBuildFile; fileRef = 49CBB4B62849755F00698F79 /* PetFinderAuthenticationAPIResponse.swift */; };
		49CBB4BB284977C700698F79 /* PetFinderAuthenticationRepository.swift in Sources */ = {isa = PBXBuildFile; fileRef = 49CBB4BA284977C700698F79 /* PetFinderAuthenticationRepository.swift */; };
		49CBB4BC284977C700698F79 /* PetFinderAuthenticationRepository.swift in Sources */ = {isa = PBXBuildFile; fileRef = 49CBB4BA284977C700698F79 /* PetFinderAuthenticationRepository.swift */; };
		49CBB4BF284978B800698F79 /* PetFinderAuthInteractor.swift in Sources */ = {isa = PBXBuildFile; fileRef = 49CBB4BE284978B800698F79 /* PetFinderAuthInteractor.swift */; };
		49CBB4C0284978B800698F79 /* PetFinderAuthInteractor.swift in Sources */ = {isa = PBXBuildFile; fileRef = 49CBB4BE284978B800698F79 /* PetFinderAuthInteractor.swift */; };
		49CBB4C328497A9100698F79 /* PetFinderAuthViewModel.swift in Sources */ = {isa = PBXBuildFile; fileRef = 49CBB4C228497A9100698F79 /* PetFinderAuthViewModel.swift */; };
		49CBB4C428497A9100698F79 /* PetFinderAuthViewModel.swift in Sources */ = {isa = PBXBuildFile; fileRef = 49CBB4C228497A9100698F79 /* PetFinderAuthViewModel.swift */; };
		49CBB4C828498A1600698F79 /* PetFinderKeys.swift in Sources */ = {isa = PBXBuildFile; fileRef = 49CBB4C728498A1600698F79 /* PetFinderKeys.swift */; };
		49CBB4C928498A1600698F79 /* PetFinderKeys.swift in Sources */ = {isa = PBXBuildFile; fileRef = 49CBB4C728498A1600698F79 /* PetFinderKeys.swift */; };
		49CBB4CB2849907600698F79 /* Companion.swift in Sources */ = {isa = PBXBuildFile; fileRef = 49CBB4CA2849907600698F79 /* Companion.swift */; };
		49CBB4CC2849907600698F79 /* Companion.swift in Sources */ = {isa = PBXBuildFile; fileRef = 49CBB4CA2849907600698F79 /* Companion.swift */; };
		49CBB4CE2849913800698F79 /* CompanionsAPIResponse.swift in Sources */ = {isa = PBXBuildFile; fileRef = 49CBB4CD2849913800698F79 /* CompanionsAPIResponse.swift */; };
		49CBB4CF2849913800698F79 /* CompanionsAPIResponse.swift in Sources */ = {isa = PBXBuildFile; fileRef = 49CBB4CD2849913800698F79 /* CompanionsAPIResponse.swift */; };
		49CBB4D12849BF2A00698F79 /* worldcities.json in Resources */ = {isa = PBXBuildFile; fileRef = 49CBB4D02849BF2A00698F79 /* worldcities.json */; };
		49CBB4D22849BF2A00698F79 /* worldcities.json in Resources */ = {isa = PBXBuildFile; fileRef = 49CBB4D02849BF2A00698F79 /* worldcities.json */; };
		49CBB4D52849C7C200698F79 /* City.swift in Sources */ = {isa = PBXBuildFile; fileRef = 49CBB4D42849C7C200698F79 /* City.swift */; };
		49CBB4D62849C7C200698F79 /* City.swift in Sources */ = {isa = PBXBuildFile; fileRef = 49CBB4D42849C7C200698F79 /* City.swift */; };
		49CBB4D82849C7DD00698F79 /* Array+Extensions.swift in Sources */ = {isa = PBXBuildFile; fileRef = 49CBB4D72849C7DD00698F79 /* Array+Extensions.swift */; };
		49CBB4D92849C7DD00698F79 /* Array+Extensions.swift in Sources */ = {isa = PBXBuildFile; fileRef = 49CBB4D72849C7DD00698F79 /* Array+Extensions.swift */; };
		49CBB4DC2849C80800698F79 /* CompanionsSearchScreen.swift in Sources */ = {isa = PBXBuildFile; fileRef = 49CBB4DB2849C80800698F79 /* CompanionsSearchScreen.swift */; };
		49CBB4DD2849C80800698F79 /* CompanionsSearchScreen.swift in Sources */ = {isa = PBXBuildFile; fileRef = 49CBB4DB2849C80800698F79 /* CompanionsSearchScreen.swift */; };
		49CBB4E02849C84A00698F79 /* CompanionRowView.swift in Sources */ = {isa = PBXBuildFile; fileRef = 49CBB4DF2849C84A00698F79 /* CompanionRowView.swift */; };
		49CBB4E12849C84A00698F79 /* CompanionRowView.swift in Sources */ = {isa = PBXBuildFile; fileRef = 49CBB4DF2849C84A00698F79 /* CompanionRowView.swift */; };
		49CBB4E32849C9AA00698F79 /* CompanionSearchSuggestionScreen.swift in Sources */ = {isa = PBXBuildFile; fileRef = 49CBB4E22849C9AA00698F79 /* CompanionSearchSuggestionScreen.swift */; };
		49CBB4E42849C9AA00698F79 /* CompanionSearchSuggestionScreen.swift in Sources */ = {isa = PBXBuildFile; fileRef = 49CBB4E22849C9AA00698F79 /* CompanionSearchSuggestionScreen.swift */; };
		49CBB4E72849CAA300698F79 /* CompanionsListView.swift in Sources */ = {isa = PBXBuildFile; fileRef = 49CBB4E62849CAA300698F79 /* CompanionsListView.swift */; };
		49CBB4E82849CAA300698F79 /* CompanionsListView.swift in Sources */ = {isa = PBXBuildFile; fileRef = 49CBB4E62849CAA300698F79 /* CompanionsListView.swift */; };
/* End PBXBuildFile section */

/* Begin PBXFileReference section */
		49B46160284846F7009A77BE /* CompanionApp.swift */ = {isa = PBXFileReference; lastKnownFileType = sourcecode.swift; path = CompanionApp.swift; sourceTree = "<group>"; };
		49B46161284846F7009A77BE /* ContentView.swift */ = {isa = PBXFileReference; lastKnownFileType = sourcecode.swift; path = ContentView.swift; sourceTree = "<group>"; };
		49B46162284846F8009A77BE /* Assets.xcassets */ = {isa = PBXFileReference; lastKnownFileType = folder.assetcatalog; path = Assets.xcassets; sourceTree = "<group>"; };
		49B46167284846F8009A77BE /* Companion.app */ = {isa = PBXFileReference; explicitFileType = wrapper.application; includeInIndex = 0; path = Companion.app; sourceTree = BUILT_PRODUCTS_DIR; };
		49B4616D284846F8009A77BE /* Companion.app */ = {isa = PBXFileReference; explicitFileType = wrapper.application; includeInIndex = 0; path = Companion.app; sourceTree = BUILT_PRODUCTS_DIR; };
		49B4616F284846F8009A77BE /* macOS.entitlements */ = {isa = PBXFileReference; lastKnownFileType = text.plist.entitlements; path = macOS.entitlements; sourceTree = "<group>"; };
		49B4619528484DFE009A77BE /* ApiFailureError.swift */ = {isa = PBXFileReference; fileEncoding = 4; lastKnownFileType = sourcecode.swift; path = ApiFailureError.swift; sourceTree = "<group>"; };
		49B4619628484DFE009A77BE /* NetworkingClient.swift */ = {isa = PBXFileReference; fileEncoding = 4; lastKnownFileType = sourcecode.swift; path = NetworkingClient.swift; sourceTree = "<group>"; };
		49B461A128484E2F009A77BE /* Encodable+Extensions.swift */ = {isa = PBXFileReference; fileEncoding = 4; lastKnownFileType = sourcecode.swift; path = "Encodable+Extensions.swift"; sourceTree = "<group>"; };
		49B461A228484E2F009A77BE /* String+Extensions.swift */ = {isa = PBXFileReference; fileEncoding = 4; lastKnownFileType = sourcecode.swift; path = "String+Extensions.swift"; sourceTree = "<group>"; };
		49B461A328484E2F009A77BE /* Data+Extensions.swift */ = {isa = PBXFileReference; fileEncoding = 4; lastKnownFileType = sourcecode.swift; path = "Data+Extensions.swift"; sourceTree = "<group>"; };
		49B461A428484E2F009A77BE /* Date+Extensions.swift */ = {isa = PBXFileReference; fileEncoding = 4; lastKnownFileType = sourcecode.swift; path = "Date+Extensions.swift"; sourceTree = "<group>"; };
		49CBB4B1284973CC00698F79 /* PetFinderHttpClient.swift */ = {isa = PBXFileReference; lastKnownFileType = sourcecode.swift; path = PetFinderHttpClient.swift; sourceTree = "<group>"; };
		49CBB4B62849755F00698F79 /* PetFinderAuthenticationAPIResponse.swift */ = {isa = PBXFileReference; lastKnownFileType = sourcecode.swift; path = PetFinderAuthenticationAPIResponse.swift; sourceTree = "<group>"; };
		49CBB4BA284977C700698F79 /* PetFinderAuthenticationRepository.swift */ = {isa = PBXFileReference; lastKnownFileType = sourcecode.swift; path = PetFinderAuthenticationRepository.swift; sourceTree = "<group>"; };
		49CBB4BE284978B800698F79 /* PetFinderAuthInteractor.swift */ = {isa = PBXFileReference; lastKnownFileType = sourcecode.swift; path = PetFinderAuthInteractor.swift; sourceTree = "<group>"; };
		49CBB4C228497A9100698F79 /* PetFinderAuthViewModel.swift */ = {isa = PBXFileReference; lastKnownFileType = sourcecode.swift; path = PetFinderAuthViewModel.swift; sourceTree = "<group>"; };
		49CBB4C728498A1600698F79 /* PetFinderKeys.swift */ = {isa = PBXFileReference; lastKnownFileType = sourcecode.swift; path = PetFinderKeys.swift; sourceTree = "<group>"; };
		49CBB4CA2849907600698F79 /* Companion.swift */ = {isa = PBXFileReference; lastKnownFileType = sourcecode.swift; path = Companion.swift; sourceTree = "<group>"; };
		49CBB4CD2849913800698F79 /* CompanionsAPIResponse.swift */ = {isa = PBXFileReference; lastKnownFileType = sourcecode.swift; path = CompanionsAPIResponse.swift; sourceTree = "<group>"; };
		49CBB4D02849BF2A00698F79 /* worldcities.json */ = {isa = PBXFileReference; fileEncoding = 4; lastKnownFileType = text.json; path = worldcities.json; sourceTree = "<group>"; };
		49CBB4D42849C7C200698F79 /* City.swift */ = {isa = PBXFileReference; lastKnownFileType = sourcecode.swift; path = City.swift; sourceTree = "<group>"; };
		49CBB4D72849C7DD00698F79 /* Array+Extensions.swift */ = {isa = PBXFileReference; lastKnownFileType = sourcecode.swift; path = "Array+Extensions.swift"; sourceTree = "<group>"; };
		49CBB4DB2849C80800698F79 /* CompanionsSearchScreen.swift */ = {isa = PBXFileReference; lastKnownFileType = sourcecode.swift; path = CompanionsSearchScreen.swift; sourceTree = "<group>"; };
		49CBB4DF2849C84A00698F79 /* CompanionRowView.swift */ = {isa = PBXFileReference; lastKnownFileType = sourcecode.swift; path = CompanionRowView.swift; sourceTree = "<group>"; };
		49CBB4E22849C9AA00698F79 /* CompanionSearchSuggestionScreen.swift */ = {isa = PBXFileReference; lastKnownFileType = sourcecode.swift; path = CompanionSearchSuggestionScreen.swift; sourceTree = "<group>"; };
		49CBB4E62849CAA300698F79 /* CompanionsListView.swift */ = {isa = PBXFileReference; lastKnownFileType = sourcecode.swift; path = CompanionsListView.swift; sourceTree = "<group>"; };
/* End PBXFileReference section */

/* Begin PBXFrameworksBuildPhase section */
		49B46164284846F8009A77BE /* Frameworks */ = {
			isa = PBXFrameworksBuildPhase;
			buildActionMask = 2147483647;
			files = (
			);
			runOnlyForDeploymentPostprocessing = 0;
		};
		49B4616A284846F8009A77BE /* Frameworks */ = {
			isa = PBXFrameworksBuildPhase;
			buildActionMask = 2147483647;
			files = (
			);
			runOnlyForDeploymentPostprocessing = 0;
		};
/* End PBXFrameworksBuildPhase section */

/* Begin PBXGroup section */
		49B4615A284846F6009A77BE = {
			isa = PBXGroup;
			children = (
				49B4615F284846F7009A77BE /* Shared */,
				49B4616E284846F8009A77BE /* macOS */,
				49B46168284846F8009A77BE /* Products */,
			);
			sourceTree = "<group>";
		};
		49B4615F284846F7009A77BE /* Shared */ = {
			isa = PBXGroup;
			children = (
				49B4619128484DDB009A77BE /* Core */,
				49B46160284846F7009A77BE /* CompanionApp.swift */,
				49CBB4D02849BF2A00698F79 /* worldcities.json */,
				49B46162284846F8009A77BE /* Assets.xcassets */,
			);
			path = Shared;
			sourceTree = "<group>";
		};
		49B46168284846F8009A77BE /* Products */ = {
			isa = PBXGroup;
			children = (
				49B46167284846F8009A77BE /* Companion.app */,
				49B4616D284846F8009A77BE /* Companion.app */,
			);
			name = Products;
			sourceTree = "<group>";
		};
		49B4616E284846F8009A77BE /* macOS */ = {
			isa = PBXGroup;
			children = (
				49B4616F284846F8009A77BE /* macOS.entitlements */,
			);
			path = macOS;
			sourceTree = "<group>";
		};
		49B4619128484DDB009A77BE /* Core */ = {
			isa = PBXGroup;
			children = (
				49CBB4D32849C78800698F79 /* Views */,
				49B46161284846F7009A77BE /* ContentView.swift */,
				49CBB4C6284989F300698F79 /* Utils */,
				49CBB4B42849753A00698F79 /* Models */,
				49CBB4C128497A8400698F79 /* ViewModels */,
				49CBB4BD284978A600698F79 /* Interactors */,
				49CBB4B92849776F00698F79 /* Repositories */,
				49B4619F28484E14009A77BE /* Extensions */,
				49CBB4B02849734800698F79 /* PetFinderHttpClient */,
				49B4619228484DF0009A77BE /* Networking */,
			);
			path = Core;
			sourceTree = "<group>";
		};
		49B4619228484DF0009A77BE /* Networking */ = {
			isa = PBXGroup;
			children = (
				49B4619528484DFE009A77BE /* ApiFailureError.swift */,
				49B4619628484DFE009A77BE /* NetworkingClient.swift */,
			);
			path = Networking;
			sourceTree = "<group>";
		};
		49B4619F28484E14009A77BE /* Extensions */ = {
			isa = PBXGroup;
			children = (
				49B461A028484E1C009A77BE /* Foundations */,
			);
			path = Extensions;
			sourceTree = "<group>";
		};
		49B461A028484E1C009A77BE /* Foundations */ = {
			isa = PBXGroup;
			children = (
				49B461A328484E2F009A77BE /* Data+Extensions.swift */,
				49B461A428484E2F009A77BE /* Date+Extensions.swift */,
				49B461A128484E2F009A77BE /* Encodable+Extensions.swift */,
				49B461A228484E2F009A77BE /* String+Extensions.swift */,
				49CBB4D72849C7DD00698F79 /* Array+Extensions.swift */,
			);
			path = Foundations;
			sourceTree = "<group>";
		};
		49CBB4B02849734800698F79 /* PetFinderHttpClient */ = {
			isa = PBXGroup;
			children = (
				49CBB4B1284973CC00698F79 /* PetFinderHttpClient.swift */,
			);
			path = PetFinderHttpClient;
			sourceTree = "<group>";
		};
		49CBB4B42849753A00698F79 /* Models */ = {
			isa = PBXGroup;
			children = (
				49CBB4B52849754200698F79 /* APIResponseModels */,
				49CBB4CA2849907600698F79 /* Companion.swift */,
				49CBB4D42849C7C200698F79 /* City.swift */,
			);
			path = Models;
			sourceTree = "<group>";
		};
		49CBB4B52849754200698F79 /* APIResponseModels */ = {
			isa = PBXGroup;
			children = (
				49CBB4B62849755F00698F79 /* PetFinderAuthenticationAPIResponse.swift */,
				49CBB4CD2849913800698F79 /* CompanionsAPIResponse.swift */,
			);
			path = APIResponseModels;
			sourceTree = "<group>";
		};
		49CBB4B92849776F00698F79 /* Repositories */ = {
			isa = PBXGroup;
			children = (
				49CBB4BA284977C700698F79 /* PetFinderAuthenticationRepository.swift */,
			);
			path = Repositories;
			sourceTree = "<group>";
		};
		49CBB4BD284978A600698F79 /* Interactors */ = {
			isa = PBXGroup;
			children = (
				49CBB4BE284978B800698F79 /* PetFinderAuthInteractor.swift */,
			);
			path = Interactors;
			sourceTree = "<group>";
		};
		49CBB4C128497A8400698F79 /* ViewModels */ = {
			isa = PBXGroup;
			children = (
				49CBB4C228497A9100698F79 /* PetFinderAuthViewModel.swift */,
			);
			path = ViewModels;
			sourceTree = "<group>";
		};
		49CBB4C6284989F300698F79 /* Utils */ = {
			isa = PBXGroup;
			children = (
				49CBB4C728498A1600698F79 /* PetFinderKeys.swift */,
			);
			path = Utils;
			sourceTree = "<group>";
		};
		49CBB4D32849C78800698F79 /* Views */ = {
			isa = PBXGroup;
			children = (
				49CBB4E52849CA8E00698F79 /* ListViews */,
				49CBB4DE2849C83800698F79 /* RowViews */,
				49CBB4DA2849C7F600698F79 /* Screens */,
			);
			path = Views;
			sourceTree = "<group>";
		};
		49CBB4DA2849C7F600698F79 /* Screens */ = {
			isa = PBXGroup;
			children = (
				49CBB4DB2849C80800698F79 /* CompanionsSearchScreen.swift */,
				49CBB4E22849C9AA00698F79 /* CompanionSearchSuggestionScreen.swift */,
			);
			path = Screens;
			sourceTree = "<group>";
		};
		49CBB4DE2849C83800698F79 /* RowViews */ = {
			isa = PBXGroup;
			children = (
				49CBB4DF2849C84A00698F79 /* CompanionRowView.swift */,
			);
			path = RowViews;
			sourceTree = "<group>";
		};
		49CBB4E52849CA8E00698F79 /* ListViews */ = {
			isa = PBXGroup;
			children = (
				49CBB4E62849CAA300698F79 /* CompanionsListView.swift */,
			);
			path = ListViews;
			sourceTree = "<group>";
		};
/* End PBXGroup section */

/* Begin PBXNativeTarget section */
		49B46166284846F8009A77BE /* Companion (iOS) */ = {
			isa = PBXNativeTarget;
			buildConfigurationList = 49B46178284846F8009A77BE /* Build configuration list for PBXNativeTarget "Companion (iOS)" */;
			buildPhases = (
				49B46163284846F8009A77BE /* Sources */,
				49B46164284846F8009A77BE /* Frameworks */,
				49B46165284846F8009A77BE /* Resources */,
			);
			buildRules = (
			);
			dependencies = (
			);
			name = "Companion (iOS)";
			productName = "Companion (iOS)";
			productReference = 49B46167284846F8009A77BE /* Companion.app */;
			productType = "com.apple.product-type.application";
		};
		49B4616C284846F8009A77BE /* Companion (macOS) */ = {
			isa = PBXNativeTarget;
			buildConfigurationList = 49B4617B284846F8009A77BE /* Build configuration list for PBXNativeTarget "Companion (macOS)" */;
			buildPhases = (
				49B46169284846F8009A77BE /* Sources */,
				49B4616A284846F8009A77BE /* Frameworks */,
				49B4616B284846F8009A77BE /* Resources */,
			);
			buildRules = (
			);
			dependencies = (
			);
			name = "Companion (macOS)";
			productName = "Companion (macOS)";
			productReference = 49B4616D284846F8009A77BE /* Companion.app */;
			productType = "com.apple.product-type.application";
		};
/* End PBXNativeTarget section */

/* Begin PBXProject section */
		49B4615B284846F6009A77BE /* Project object */ = {
			isa = PBXProject;
			attributes = {
				BuildIndependentTargetsInParallel = 1;
				LastSwiftUpdateCheck = 1330;
				LastUpgradeCheck = 1330;
				TargetAttributes = {
					49B46166284846F8009A77BE = {
						CreatedOnToolsVersion = 13.3.1;
					};
					49B4616C284846F8009A77BE = {
						CreatedOnToolsVersion = 13.3.1;
					};
				};
			};
			buildConfigurationList = 49B4615E284846F6009A77BE /* Build configuration list for PBXProject "Companion" */;
			compatibilityVersion = "Xcode 13.0";
			developmentRegion = en;
			hasScannedForEncodings = 0;
			knownRegions = (
				en,
				Base,
			);
			mainGroup = 49B4615A284846F6009A77BE;
			productRefGroup = 49B46168284846F8009A77BE /* Products */;
			projectDirPath = "";
			projectRoot = "";
			targets = (
				49B46166284846F8009A77BE /* Companion (iOS) */,
				49B4616C284846F8009A77BE /* Companion (macOS) */,
			);
		};
/* End PBXProject section */

/* Begin PBXResourcesBuildPhase section */
		49B46165284846F8009A77BE /* Resources */ = {
			isa = PBXResourcesBuildPhase;
			buildActionMask = 2147483647;
			files = (
				49B46174284846F8009A77BE /* Assets.xcassets in Resources */,
				49CBB4D12849BF2A00698F79 /* worldcities.json in Resources */,
			);
			runOnlyForDeploymentPostprocessing = 0;
		};
		49B4616B284846F8009A77BE /* Resources */ = {
			isa = PBXResourcesBuildPhase;
			buildActionMask = 2147483647;
			files = (
				49B46175284846F8009A77BE /* Assets.xcassets in Resources */,
				49CBB4D22849BF2A00698F79 /* worldcities.json in Resources */,
			);
			runOnlyForDeploymentPostprocessing = 0;
		};
/* End PBXResourcesBuildPhase section */

/* Begin PBXSourcesBuildPhase section */
		49B46163284846F8009A77BE /* Sources */ = {
			isa = PBXSourcesBuildPhase;
			buildActionMask = 2147483647;
			files = (
				49B461A528484E2F009A77BE /* Encodable+Extensions.swift in Sources */,
				49CBB4D82849C7DD00698F79 /* Array+Extensions.swift in Sources */,
				49CBB4E72849CAA300698F79 /* CompanionsListView.swift in Sources */,
				49CBB4CE2849913800698F79 /* CompanionsAPIResponse.swift in Sources */,
				49CBB4E32849C9AA00698F79 /* CompanionSearchSuggestionScreen.swift in Sources */,
				49B4619B28484DFE009A77BE /* ApiFailureError.swift in Sources */,
				49CBB4C328497A9100698F79 /* PetFinderAuthViewModel.swift in Sources */,
				49B46172284846F8009A77BE /* ContentView.swift in Sources */,
				49B461AB28484E2F009A77BE /* Date+Extensions.swift in Sources */,
				49CBB4DC2849C80800698F79 /* CompanionsSearchScreen.swift in Sources */,
				49B461A928484E2F009A77BE /* Data+Extensions.swift in Sources */,
				49CBB4BB284977C700698F79 /* PetFinderAuthenticationRepository.swift in Sources */,
				49CBB4C828498A1600698F79 /* PetFinderKeys.swift in Sources */,
				49CBB4D52849C7C200698F79 /* City.swift in Sources */,
				49CBB4B2284973CC00698F79 /* PetFinderHttpClient.swift in Sources */,
				49B4619D28484DFE009A77BE /* NetworkingClient.swift in Sources */,
				49B461A728484E2F009A77BE /* String+Extensions.swift in Sources */,
				49CBB4E02849C84A00698F79 /* CompanionRowView.swift in Sources */,
				49B46170284846F8009A77BE /* CompanionApp.swift in Sources */,
				49CBB4BF284978B800698F79 /* PetFinderAuthInteractor.swift in Sources */,
				49CBB4B72849755F00698F79 /* PetFinderAuthenticationAPIResponse.swift in Sources */,
				49CBB4CB2849907600698F79 /* Companion.swift in Sources */,
			);
			runOnlyForDeploymentPostprocessing = 0;
		};
		49B46169284846F8009A77BE /* Sources */ = {
			isa = PBXSourcesBuildPhase;
			buildActionMask = 2147483647;
			files = (
				49B461A628484E2F009A77BE /* Encodable+Extensions.swift in Sources */,
				49CBB4D92849C7DD00698F79 /* Array+Extensions.swift in Sources */,
				49CBB4E82849CAA300698F79 /* CompanionsListView.swift in Sources */,
				49CBB4CF2849913800698F79 /* CompanionsAPIResponse.swift in Sources */,
				49CBB4E42849C9AA00698F79 /* CompanionSearchSuggestionScreen.swift in Sources */,
				49B4619C28484DFE009A77BE /* ApiFailureError.swift in Sources */,
				49CBB4C428497A9100698F79 /* PetFinderAuthViewModel.swift in Sources */,
				49B46173284846F8009A77BE /* ContentView.swift in Sources */,
				49B461AC28484E2F009A77BE /* Date+Extensions.swift in Sources */,
				49CBB4DD2849C80800698F79 /* CompanionsSearchScreen.swift in Sources */,
				49B461AA28484E2F009A77BE /* Data+Extensions.swift in Sources */,
				49CBB4BC284977C700698F79 /* PetFinderAuthenticationRepository.swift in Sources */,
				49CBB4C928498A1600698F79 /* PetFinderKeys.swift in Sources */,
				49CBB4D62849C7C200698F79 /* City.swift in Sources */,
				49CBB4B3284973CC00698F79 /* PetFinderHttpClient.swift in Sources */,
				49B4619E28484DFE009A77BE /* NetworkingClient.swift in Sources */,
				49B461A828484E2F009A77BE /* String+Extensions.swift in Sources */,
				49CBB4E12849C84A00698F79 /* CompanionRowView.swift in Sources */,
				49B46171284846F8009A77BE /* CompanionApp.swift in Sources */,
				49CBB4C0284978B800698F79 /* PetFinderAuthInteractor.swift in Sources */,
				49CBB4B82849755F00698F79 /* PetFinderAuthenticationAPIResponse.swift in Sources */,
				49CBB4CC2849907600698F79 /* Companion.swift in Sources */,
			);
			runOnlyForDeploymentPostprocessing = 0;
		};
/* End PBXSourcesBuildPhase section */

/* Begin XCBuildConfiguration section */
		49B46176284846F8009A77BE /* Debug */ = {
			isa = XCBuildConfiguration;
			buildSettings = {
				ALWAYS_SEARCH_USER_PATHS = NO;
				CLANG_ANALYZER_NONNULL = YES;
				CLANG_ANALYZER_NUMBER_OBJECT_CONVERSION = YES_AGGRESSIVE;
				CLANG_CXX_LANGUAGE_STANDARD = "gnu++17";
				CLANG_ENABLE_MODULES = YES;
				CLANG_ENABLE_OBJC_ARC = YES;
				CLANG_ENABLE_OBJC_WEAK = YES;
				CLANG_WARN_BLOCK_CAPTURE_AUTORELEASING = YES;
				CLANG_WARN_BOOL_CONVERSION = YES;
				CLANG_WARN_COMMA = YES;
				CLANG_WARN_CONSTANT_CONVERSION = YES;
				CLANG_WARN_DEPRECATED_OBJC_IMPLEMENTATIONS = YES;
				CLANG_WARN_DIRECT_OBJC_ISA_USAGE = YES_ERROR;
				CLANG_WARN_DOCUMENTATION_COMMENTS = YES;
				CLANG_WARN_EMPTY_BODY = YES;
				CLANG_WARN_ENUM_CONVERSION = YES;
				CLANG_WARN_INFINITE_RECURSION = YES;
				CLANG_WARN_INT_CONVERSION = YES;
				CLANG_WARN_NON_LITERAL_NULL_CONVERSION = YES;
				CLANG_WARN_OBJC_IMPLICIT_RETAIN_SELF = YES;
				CLANG_WARN_OBJC_LITERAL_CONVERSION = YES;
				CLANG_WARN_OBJC_ROOT_CLASS = YES_ERROR;
				CLANG_WARN_QUOTED_INCLUDE_IN_FRAMEWORK_HEADER = YES;
				CLANG_WARN_RANGE_LOOP_ANALYSIS = YES;
				CLANG_WARN_STRICT_PROTOTYPES = YES;
				CLANG_WARN_SUSPICIOUS_MOVE = YES;
				CLANG_WARN_UNGUARDED_AVAILABILITY = YES_AGGRESSIVE;
				CLANG_WARN_UNREACHABLE_CODE = YES;
				CLANG_WARN__DUPLICATE_METHOD_MATCH = YES;
				COPY_PHASE_STRIP = NO;
				DEBUG_INFORMATION_FORMAT = dwarf;
				ENABLE_STRICT_OBJC_MSGSEND = YES;
				ENABLE_TESTABILITY = YES;
				GCC_C_LANGUAGE_STANDARD = gnu11;
				GCC_DYNAMIC_NO_PIC = NO;
				GCC_NO_COMMON_BLOCKS = YES;
				GCC_OPTIMIZATION_LEVEL = 0;
				GCC_PREPROCESSOR_DEFINITIONS = (
					"DEBUG=1",
					"$(inherited)",
				);
				GCC_WARN_64_TO_32_BIT_CONVERSION = YES;
				GCC_WARN_ABOUT_RETURN_TYPE = YES_ERROR;
				GCC_WARN_UNDECLARED_SELECTOR = YES;
				GCC_WARN_UNINITIALIZED_AUTOS = YES_AGGRESSIVE;
				GCC_WARN_UNUSED_FUNCTION = YES;
				GCC_WARN_UNUSED_VARIABLE = YES;
				MTL_ENABLE_DEBUG_INFO = INCLUDE_SOURCE;
				MTL_FAST_MATH = YES;
				ONLY_ACTIVE_ARCH = YES;
				SWIFT_ACTIVE_COMPILATION_CONDITIONS = DEBUG;
				SWIFT_OPTIMIZATION_LEVEL = "-Onone";
			};
			name = Debug;
		};
		49B46177284846F8009A77BE /* Release */ = {
			isa = XCBuildConfiguration;
			buildSettings = {
				ALWAYS_SEARCH_USER_PATHS = NO;
				CLANG_ANALYZER_NONNULL = YES;
				CLANG_ANALYZER_NUMBER_OBJECT_CONVERSION = YES_AGGRESSIVE;
				CLANG_CXX_LANGUAGE_STANDARD = "gnu++17";
				CLANG_ENABLE_MODULES = YES;
				CLANG_ENABLE_OBJC_ARC = YES;
				CLANG_ENABLE_OBJC_WEAK = YES;
				CLANG_WARN_BLOCK_CAPTURE_AUTORELEASING = YES;
				CLANG_WARN_BOOL_CONVERSION = YES;
				CLANG_WARN_COMMA = YES;
				CLANG_WARN_CONSTANT_CONVERSION = YES;
				CLANG_WARN_DEPRECATED_OBJC_IMPLEMENTATIONS = YES;
				CLANG_WARN_DIRECT_OBJC_ISA_USAGE = YES_ERROR;
				CLANG_WARN_DOCUMENTATION_COMMENTS = YES;
				CLANG_WARN_EMPTY_BODY = YES;
				CLANG_WARN_ENUM_CONVERSION = YES;
				CLANG_WARN_INFINITE_RECURSION = YES;
				CLANG_WARN_INT_CONVERSION = YES;
				CLANG_WARN_NON_LITERAL_NULL_CONVERSION = YES;
				CLANG_WARN_OBJC_IMPLICIT_RETAIN_SELF = YES;
				CLANG_WARN_OBJC_LITERAL_CONVERSION = YES;
				CLANG_WARN_OBJC_ROOT_CLASS = YES_ERROR;
				CLANG_WARN_QUOTED_INCLUDE_IN_FRAMEWORK_HEADER = YES;
				CLANG_WARN_RANGE_LOOP_ANALYSIS = YES;
				CLANG_WARN_STRICT_PROTOTYPES = YES;
				CLANG_WARN_SUSPICIOUS_MOVE = YES;
				CLANG_WARN_UNGUARDED_AVAILABILITY = YES_AGGRESSIVE;
				CLANG_WARN_UNREACHABLE_CODE = YES;
				CLANG_WARN__DUPLICATE_METHOD_MATCH = YES;
				COPY_PHASE_STRIP = NO;
				DEBUG_INFORMATION_FORMAT = "dwarf-with-dsym";
				ENABLE_NS_ASSERTIONS = NO;
				ENABLE_STRICT_OBJC_MSGSEND = YES;
				GCC_C_LANGUAGE_STANDARD = gnu11;
				GCC_NO_COMMON_BLOCKS = YES;
				GCC_WARN_64_TO_32_BIT_CONVERSION = YES;
				GCC_WARN_ABOUT_RETURN_TYPE = YES_ERROR;
				GCC_WARN_UNDECLARED_SELECTOR = YES;
				GCC_WARN_UNINITIALIZED_AUTOS = YES_AGGRESSIVE;
				GCC_WARN_UNUSED_FUNCTION = YES;
				GCC_WARN_UNUSED_VARIABLE = YES;
				MTL_ENABLE_DEBUG_INFO = NO;
				MTL_FAST_MATH = YES;
				SWIFT_COMPILATION_MODE = wholemodule;
				SWIFT_OPTIMIZATION_LEVEL = "-O";
			};
			name = Release;
		};
		49B46179284846F8009A77BE /* Debug */ = {
			isa = XCBuildConfiguration;
			buildSettings = {
				ASSETCATALOG_COMPILER_APPICON_NAME = AppIcon;
				ASSETCATALOG_COMPILER_GLOBAL_ACCENT_COLOR_NAME = AccentColor;
				CODE_SIGN_STYLE = Automatic;
				CURRENT_PROJECT_VERSION = 1;
				DEVELOPMENT_TEAM = 3GTE9X3BX2;
				ENABLE_PREVIEWS = YES;
				GENERATE_INFOPLIST_FILE = YES;
				INFOPLIST_KEY_UIApplicationSceneManifest_Generation = YES;
				INFOPLIST_KEY_UIApplicationSupportsIndirectInputEvents = YES;
				INFOPLIST_KEY_UILaunchScreen_Generation = YES;
				INFOPLIST_KEY_UISupportedInterfaceOrientations_iPad = "UIInterfaceOrientationPortrait UIInterfaceOrientationPortraitUpsideDown UIInterfaceOrientationLandscapeLeft UIInterfaceOrientationLandscapeRight";
				INFOPLIST_KEY_UISupportedInterfaceOrientations_iPhone = "UIInterfaceOrientationPortrait UIInterfaceOrientationLandscapeLeft UIInterfaceOrientationLandscapeRight";
				IPHONEOS_DEPLOYMENT_TARGET = 15.4;
				LD_RUNPATH_SEARCH_PATHS = (
					"$(inherited)",
					"@executable_path/Frameworks",
				);
				MARKETING_VERSION = 1.0;
				PRODUCT_BUNDLE_IDENTIFIER = apps.bytesizedsoftware.Companion;
				PRODUCT_NAME = Companion;
				SDKROOT = iphoneos;
				SWIFT_EMIT_LOC_STRINGS = YES;
				SWIFT_VERSION = 5.0;
				TARGETED_DEVICE_FAMILY = "1,2";
			};
			name = Debug;
		};
		49B4617A284846F8009A77BE /* Release */ = {
			isa = XCBuildConfiguration;
			buildSettings = {
				ASSETCATALOG_COMPILER_APPICON_NAME = AppIcon;
				ASSETCATALOG_COMPILER_GLOBAL_ACCENT_COLOR_NAME = AccentColor;
				CODE_SIGN_STYLE = Automatic;
				CURRENT_PROJECT_VERSION = 1;
				DEVELOPMENT_TEAM = 3GTE9X3BX2;
				ENABLE_PREVIEWS = YES;
				GENERATE_INFOPLIST_FILE = YES;
				INFOPLIST_KEY_UIApplicationSceneManifest_Generation = YES;
				INFOPLIST_KEY_UIApplicationSupportsIndirectInputEvents = YES;
				INFOPLIST_KEY_UILaunchScreen_Generation = YES;
				INFOPLIST_KEY_UISupportedInterfaceOrientations_iPad = "UIInterfaceOrientationPortrait UIInterfaceOrientationPortraitUpsideDown UIInterfaceOrientationLandscapeLeft UIInterfaceOrientationLandscapeRight";
				INFOPLIST_KEY_UISupportedInterfaceOrientations_iPhone = "UIInterfaceOrientationPortrait UIInterfaceOrientationLandscapeLeft UIInterfaceOrientationLandscapeRight";
				IPHONEOS_DEPLOYMENT_TARGET = 15.4;
				LD_RUNPATH_SEARCH_PATHS = (
					"$(inherited)",
					"@executable_path/Frameworks",
				);
				MARKETING_VERSION = 1.0;
				PRODUCT_BUNDLE_IDENTIFIER = apps.bytesizedsoftware.Companion;
				PRODUCT_NAME = Companion;
				SDKROOT = iphoneos;
				SWIFT_EMIT_LOC_STRINGS = YES;
				SWIFT_VERSION = 5.0;
				TARGETED_DEVICE_FAMILY = "1,2";
				VALIDATE_PRODUCT = YES;
			};
			name = Release;
		};
		49B4617C284846F8009A77BE /* Debug */ = {
			isa = XCBuildConfiguration;
			buildSettings = {
				ASSETCATALOG_COMPILER_APPICON_NAME = AppIcon;
				ASSETCATALOG_COMPILER_GLOBAL_ACCENT_COLOR_NAME = AccentColor;
				CODE_SIGN_ENTITLEMENTS = macOS/macOS.entitlements;
				CODE_SIGN_STYLE = Automatic;
				COMBINE_HIDPI_IMAGES = YES;
				CURRENT_PROJECT_VERSION = 1;
				DEVELOPMENT_TEAM = 3GTE9X3BX2;
				ENABLE_HARDENED_RUNTIME = YES;
				ENABLE_PREVIEWS = YES;
				GENERATE_INFOPLIST_FILE = YES;
				INFOPLIST_KEY_NSHumanReadableCopyright = "";
				LD_RUNPATH_SEARCH_PATHS = (
					"$(inherited)",
					"@executable_path/../Frameworks",
				);
				MACOSX_DEPLOYMENT_TARGET = 12.1;
				MARKETING_VERSION = 1.0;
				PRODUCT_BUNDLE_IDENTIFIER = apps.bytesizedsoftware.Companion;
				PRODUCT_NAME = Companion;
				SDKROOT = macosx;
				SWIFT_EMIT_LOC_STRINGS = YES;
				SWIFT_VERSION = 5.0;
			};
			name = Debug;
		};
		49B4617D284846F8009A77BE /* Release */ = {
			isa = XCBuildConfiguration;
			buildSettings = {
				ASSETCATALOG_COMPILER_APPICON_NAME = AppIcon;
				ASSETCATALOG_COMPILER_GLOBAL_ACCENT_COLOR_NAME = AccentColor;
				CODE_SIGN_ENTITLEMENTS = macOS/macOS.entitlements;
				CODE_SIGN_STYLE = Automatic;
				COMBINE_HIDPI_IMAGES = YES;
				CURRENT_PROJECT_VERSION = 1;
				DEVELOPMENT_TEAM = 3GTE9X3BX2;
				ENABLE_HARDENED_RUNTIME = YES;
				ENABLE_PREVIEWS = YES;
				GENERATE_INFOPLIST_FILE = YES;
				INFOPLIST_KEY_NSHumanReadableCopyright = "";
				LD_RUNPATH_SEARCH_PATHS = (
					"$(inherited)",
					"@executable_path/../Frameworks",
				);
				MACOSX_DEPLOYMENT_TARGET = 12.1;
				MARKETING_VERSION = 1.0;
				PRODUCT_BUNDLE_IDENTIFIER = apps.bytesizedsoftware.Companion;
				PRODUCT_NAME = Companion;
				SDKROOT = macosx;
				SWIFT_EMIT_LOC_STRINGS = YES;
				SWIFT_VERSION = 5.0;
			};
			name = Release;
		};
/* End XCBuildConfiguration section */

/* Begin XCConfigurationList section */
		49B4615E284846F6009A77BE /* Build configuration list for PBXProject "Companion" */ = {
			isa = XCConfigurationList;
			buildConfigurations = (
				49B46176284846F8009A77BE /* Debug */,
				49B46177284846F8009A77BE /* Release */,
			);
			defaultConfigurationIsVisible = 0;
			defaultConfigurationName = Release;
		};
		49B46178284846F8009A77BE /* Build configuration list for PBXNativeTarget "Companion (iOS)" */ = {
			isa = XCConfigurationList;
			buildConfigurations = (
				49B46179284846F8009A77BE /* Debug */,
				49B4617A284846F8009A77BE /* Release */,
			);
			defaultConfigurationIsVisible = 0;
			defaultConfigurationName = Release;
		};
		49B4617B284846F8009A77BE /* Build configuration list for PBXNativeTarget "Companion (macOS)" */ = {
			isa = XCConfigurationList;
			buildConfigurations = (
				49B4617C284846F8009A77BE /* Debug */,
				49B4617D284846F8009A77BE /* Release */,
			);
			defaultConfigurationIsVisible = 0;
			defaultConfigurationName = Release;
		};
/* End XCConfigurationList section */
	};
	rootObject = 49B4615B284846F6009A77BE /* Project object */;
}
